
Microsoft Visual Studio Solution File, Format Version 12.00
# Visual Studio Version 16
VisualStudioVersion = 25.0.1706.8
MinimumVisualStudioVersion = 10.0.40219.1
Project("{FAE04EC0-301F-11D3-BF4B-00C04F79EFBC}") = "IdentityPractice", "IdentityPractice.csproj", "{F48C7931-709F-4AB9-BC31-E08A7FE9FDFA}"
EndProject
Global
	GlobalSection(SolutionConfigurationPlatforms) = preSolution
		Debug|Any CPU = Debug|Any CPU
		Release|Any CPU = Release|Any CPU
	EndGlobalSection
	GlobalSection(ProjectConfigurationPlatforms) = postSolution
		{F48C7931-709F-4AB9-BC31-E08A7FE9FDFA}.Debug|Any CPU.ActiveCfg = Debug|Any CPU
		{F48C7931-709F-4AB9-BC31-E08A7FE9FDFA}.Debug|Any CPU.Build.0 = Debug|Any CPU
		{F48C7931-709F-4AB9-BC31-E08A7FE9FDFA}.Release|Any CPU.ActiveCfg = Release|Any CPU
		{F48C7931-709F-4AB9-BC31-E08A7FE9FDFA}.Release|Any CPU.Build.0 = Release|Any CPU
	EndGlobalSection
	GlobalSection(SolutionProperties) = preSolution
		HideSolutionNode = FALSE
	EndGlobalSection
	GlobalSection(ExtensibilityGlobals) = postSolution
		SolutionGuid = {AD2CA3F1-CEA5-4486-8F9B-1B56EF7E721C}
	EndGlobalSection
EndGlobal
